// !$*UTF8*$!
{
	archiveVersion = 1;
	classes = {
	};
	objectVersion = 46;
	objects = {

/* Begin PBXBuildFile section */
		A40C3E7B1D3933C200C44013 /* main.c in Sources */ = {isa = PBXBuildFile; fileRef = A40C3E7A1D3933C200C44013 /* main.c */; };
		A40C3E821D39348B00C44013 /* libz.tbd in Frameworks */ = {isa = PBXBuildFile; fileRef = A40C3E811D39348B00C44013 /* libz.tbd */; };
/* End PBXBuildFile section */

/* Begin PBXCopyFilesBuildPhase section */
		A40C3E751D3933C200C44013 /* CopyFiles */ = {
			isa = PBXCopyFilesBuildPhase;
			buildActionMask = 2147483647;
			dstPath = /usr/share/man/man1/;
			dstSubfolderSpec = 0;
			files = (
			);
			runOnlyForDeploymentPostprocessing = 1;
		};
/* End PBXCopyFilesBuildPhase section */

/* Begin PBXFileReference section */
		A40C3E771D3933C200C44013 /* iboredimg_decode */ = {isa = PBXFileReference; explicitFileType = "compiled.mach-o.executable"; includeInIndex = 0; path = iboredimg_decode; sourceTree = BUILT_PRODUCTS_DIR; };
		A40C3E7A1D3933C200C44013 /* main.c */ = {isa = PBXFileReference; lastKnownFileType = sourcecode.c.c; path = main.c; sourceTree = "<group>"; };
		A40C3E811D39348B00C44013 /* libz.tbd */ = {isa = PBXFileReference; lastKnownFileType = "sourcecode.text-based-dylib-definition"; name = libz.tbd; path = usr/lib/libz.tbd; sourceTree = SDKROOT; };
/* End PBXFileReference section */

/* Begin PBXFrameworksBuildPhase section */
		A40C3E741D3933C200C44013 /* Frameworks */ = {
			isa = PBXFrameworksBuildPhase;
			buildActionMask = 2147483647;
			files = (
				A40C3E821D39348B00C44013 /* libz.tbd in Frameworks */,
			);
			runOnlyForDeploymentPostprocessing = 0;
		};
/* End PBXFrameworksBuildPhase section */

/* Begin PBXGroup section */
		A40C3E6E1D3933C200C44013 = {
			isa = PBXGroup;
			children = (
				A40C3E791D3933C200C44013 /* Source */,
				A40C3E831D39349400C44013 /* Framework */,
				A40C3E781D3933C200C44013 /* Products */,
			);
			sourceTree = "<group>";
		};
		A40C3E781D3933C200C44013 /* Products */ = {
			isa = PBXGroup;
			children = (
				A40C3E771D3933C200C44013 /* iboredimg_decode */,
			);
			name = Products;
			sourceTree = "<group>";
		};
		A40C3E791D3933C200C44013 /* Source */ = {
			isa = PBXGroup;
			children = (
				A40C3E7A1D3933C200C44013 /* main.c */,
			);
			path = Source;
			sourceTree = "<group>";
		};
		A40C3E831D39349400C44013 /* Framework */ = {
			isa = PBXGroup;
			children = (
				A40C3E811D39348B00C44013 /* libz.tbd */,
			);
			name = Framework;
			sourceTree = "<group>";
		};
/* End PBXGroup section */

/* Begin PBXNativeTarget section */
		A40C3E761D3933C200C44013 /* iboredimg_decode */ = {
			isa = PBXNativeTarget;
			buildConfigurationList = A40C3E7E1D3933C200C44013 /* Build configuration list for PBXNativeTarget "iboredimg_decode" */;
			buildPhases = (
				A40C3E731D3933C200C44013 /* Sources */,
				A40C3E741D3933C200C44013 /* Frameworks */,
				A40C3E751D3933C200C44013 /* CopyFiles */,
			);
			buildRules = (
			);
			dependencies = (
			);
			name = iboredimg_decode;
			productName = "iBored Img Decompression";
			productReference = A40C3E771D3933C200C44013 /* iboredimg_decode */;
			productType = "com.apple.product-type.tool";
		};
/* End PBXNativeTarget section */

/* Begin PBXProject section */
		A40C3E6F1D3933C200C44013 /* Project object */ = {
			isa = PBXProject;
			attributes = {
				LastUpgradeCheck = 0720;
				ORGANIZATIONNAME = "Thomas Tempelmann";
				TargetAttributes = {
					A40C3E761D3933C200C44013 = {
						CreatedOnToolsVersion = 7.2.1;
					};
				};
			};
			buildConfigurationList = A40C3E721D3933C200C44013 /* Build configuration list for PBXProject "iboredimg_decode" */;
			compatibilityVersion = "Xcode 3.2";
			developmentRegion = English;
			hasScannedForEncodings = 0;
			knownRegions = (
				en,
			);
			mainGroup = A40C3E6E1D3933C200C44013;
			productRefGroup = A40C3E781D3933C200C44013 /* Products */;
			projectDirPath = "";
			projectRoot = "";
			targets = (
				A40C3E761D3933C200C44013 /* iboredimg_decode */,
			);
		};
/* End PBXProject section */

/* Begin PBXSourcesBuildPhase section */
		A40C3E731D3933C200C44013 /* Sources */ = {
			isa = PBXSourcesBuildPhase;
			buildActionMask = 2147483647;
			files = (
				A40C3E7B1D3933C200C44013 /* main.c in Sources */,
			);
			runOnlyForDeploymentPostprocessing = 0;
		};
/* End PBXSourcesBuildPhase section */

/* Begin XCBuildConfiguration section */
		A40C3E7C1D3933C200C44013 /* Debug */ = {
			isa = XCBuildConfiguration;
			buildSettings = {
				ALWAYS_SEARCH_USER_PATHS = NO;
				CLANG_CXX_LANGUAGE_STANDARD = "gnu++0x";
				CLANG_CXX_LIBRARY = "libc++";
				CLANG_ENABLE_MODULES = YES;
				CLANG_ENABLE_OBJC_ARC = YES;
				CLANG_WARN_BOOL_CONVERSION = YES;
				CLANG_WARN_CONSTANT_CONVERSION = YES;
				CLANG_WARN_DIRECT_OBJC_ISA_USAGE = YES_ERROR;
				CLANG_WARN_EMPTY_BODY = YES;
				CLANG_WARN_ENUM_CONVERSION = YES;
				CLANG_WARN_INT_CONVERSION = YES;
				CLANG_WARN_OBJC_ROOT_CLASS = YES_ERROR;
				CLANG_WARN_UNREACHABLE_CODE = YES;
				CLANG_WARN__DUPLICATE_METHOD_MATCH = YES;
				CODE_SIGN_IDENTITY = "-";
				COPY_PHASE_STRIP = NO;
				DEBUG_INFORMATION_FORMAT = dwarf;
				ENABLE_STRICT_OBJC_MSGSEND = YES;
				ENABLE_TESTABILITY = YES;
				GCC_C_LANGUAGE_STANDARD = gnu99;
				GCC_DYNAMIC_NO_PIC = NO;
				GCC_NO_COMMON_BLOCKS = YES;
				GCC_OPTIMIZATION_LEVEL = 0;
				GCC_PREPROCESSOR_DEFINITIONS = (
					"DEBUG=1",
					"$(inherited)",
				);
				GCC_WARN_64_TO_32_BIT_CONVERSION = YES;
				GCC_WARN_ABOUT_RETURN_TYPE = YES_ERROR;
				GCC_WARN_UNDECLARED_SELECTOR = YES;
				GCC_WARN_UNINITIALIZED_AUTOS = YES_AGGRESSIVE;
				GCC_WARN_UNUSED_FUNCTION = YES;
				GCC_WARN_UNUSED_VARIABLE = YES;
				MACOSX_DEPLOYMENT_TARGET = 10.10;
				MTL_ENABLE_DEBUG_INFO = YES;
				ONLY_ACTIVE_ARCH = YES;
				SDKROOT = macosx;
			};
			name = Debug;
		};
		A40C3E7D1D3933C200C44013 /* Release */ = {
			isa = XCBuildConfiguration;
			buildSettings = {
				ALWAYS_SEARCH_USER_PATHS = NO;
				CLANG_CXX_LANGUAGE_STANDARD = "gnu++0x";
				CLANG_CXX_LIBRARY = "libc++";
				CLANG_ENABLE_MODULES = YES;
				CLANG_ENABLE_OBJC_ARC = YES;
				CLANG_WARN_BOOL_CONVERSION = YES;
				CLANG_WARN_CONSTANT_CONVERSION = YES;
				CLANG_WARN_DIRECT_OBJC_ISA_USAGE = YES_ERROR;
				CLANG_WARN_EMPTY_BODY = YES;
				CLANG_WARN_ENUM_CONVERSION = YES;
				CLANG_WARN_INT_CONVERSION = YES;
				CLANG_WARN_OBJC_ROOT_CLASS = YES_ERROR;
				CLANG_WARN_UNREACHABLE_CODE = YES;
				CLANG_WARN__DUPLICATE_METHOD_MATCH = YES;
				CODE_SIGN_IDENTITY = "-";
				COPY_PHASE_STRIP = NO;
				DEBUG_INFORMATION_FORMAT = "dwarf-with-dsym";
				ENABLE_NS_ASSERTIONS = NO;
				ENABLE_STRICT_OBJC_MSGSEND = YES;
				GCC_C_LANGUAGE_STANDARD = gnu99;
				GCC_NO_COMMON_BLOCKS = YES;
				GCC_WARN_64_TO_32_BIT_CONVERSION = YES;
				GCC_WARN_ABOUT_RETURN_TYPE = YES_ERROR;
				GCC_WARN_UNDECLARED_SELECTOR = YES;
				GCC_WARN_UNINITIALIZED_AUTOS = YES_AGGRESSIVE;
				GCC_WARN_UNUSED_FUNCTION = YES;
				GCC_WARN_UNUSED_VARIABLE = YES;
				MACOSX_DEPLOYMENT_TARGET = 10.10;
				MTL_ENABLE_DEBUG_INFO = NO;
				SDKROOT = macosx;
			};
			name = Release;
		};
		A40C3E7F1D3933C200C44013 /* Debug */ = {
			isa = XCBuildConfiguration;
			buildSettings = {
				PRODUCT_NAME = iboredimg_decode;
			};
			name = Debug;
		};
		A40C3E801D3933C200C44013 /* Release */ = {
			isa = XCBuildConfiguration;
			buildSettings = {
				PRODUCT_NAME = iboredimg_decode;
			};
			name = Release;
		};
/* End XCBuildConfiguration section */

/* Begin XCConfigurationList section */
		A40C3E721D3933C200C44013 /* Build configuration list for PBXProject "iboredimg_decode" */ = {
			isa = XCConfigurationList;
			buildConfigurations = (
				A40C3E7C1D3933C200C44013 /* Debug */,
				A40C3E7D1D3933C200C44013 /* Release */,
			);
			defaultConfigurationIsVisible = 0;
			defaultConfigurationName = Release;
		};
		A40C3E7E1D3933C200C44013 /* Build configuration list for PBXNativeTarget "iboredimg_decode" */ = {
			isa = XCConfigurationList;
			buildConfigurations = (
				A40C3E7F1D3933C200C44013 /* Debug */,
				A40C3E801D3933C200C44013 /* Release */,
			);
			defaultConfigurationIsVisible = 0;
		};
/* End XCConfigurationList section */
	};
	rootObject = A40C3E6F1D3933C200C44013 /* Project object */;
}
